code.cloudfoundry.org/commandrunner v0.0.0-20180212143422-501fd662150b h1:wkgiiFREqM2rac/cNUvM8czcp1ZUx5GaVcaNGSCYOuQ=
code.cloudfoundry.org/commandrunner v0.0.0-20180212143422-501fd662150b/go.mod h1:m1fP94N1mbq7Myq1Z3W8g5jTk+wgf82AjaH+aU0Fzek=
code.cloudfoundry.org/garden v0.0.0-20181108172608-62470dc86365 h1:W9nK4TUFQCzLniQN2xykFvzAteV0FogE94bVj8Ulu8A=
code.cloudfoundry.org/garden v0.0.0-20181108172608-62470dc86365/go.mod h1:9edl55ou1627lC7chvtltZ561+iITkNTzkZsLgohU8s=
code.cloudfoundry.org/guardian v0.0.0-20190301164252-0c56b1120262 h1:RDdxa+Ij0WgiUo9C4tNU0UoyZBgMgFNvqSAC43X6xqk=
code.cloudfoundry.org/guardian v0.0.0-20190301164252-0c56b1120262/go.mod h1:BGKoWErTSe1lTUZWCvrbuYWRk0LoWsSm9JYQPL9F4Bo=
code.cloudfoundry.org/lager v0.0.0-20190115020142-54c4f2530dde h1:2P/1L5rJ11ZsoLVTGbLMJArFwMIA5jfNKQ8TWDDM+6k=
code.cloudfoundry.org/lager v0.0.0-20190115020142-54c4f2530dde/go.mod h1:O2sS7gKP3HM2iemG+EnwvyNQK7pTSC6Foi4QiMp9sSk=
github.com/apoydence/eachers v0.0.0-20181020210610-23942921fe77 h1:afT88tB6u9JCKQZVAAaa9ICz/uGn5Uw9ekn6P22mYKM=
github.com/apoydence/eachers v0.0.0-20181020210610-23942921fe77/go.mod h1:bXvGk6IkT1Agy7qzJ+DjIw/SJ1AaB3AvAuMDVV+Vkoo=
github.com/cloudfoundry/dropsonde v1.0.0 h1:9MT6WFmhU96fQjhTiglx4b1X3ObNjk/Sze7KPntNitE=
github.com/cloudfoundry/dropsonde v1.0.0/go.mod h1:6zwvrWK5TpxBVYi1cdkE5WDsIO8E0n7qAJg3wR9B67c=
github.com/cloudfoundry/sonde-go v0.0.0-20171206171820-b33733203bb4 h1:cWfya7mo/zbnwYVio6eWGsFJHqYw4/k/uhwIJ1eqRPI=
github.com/cloudfoundry/sonde-go v0.0.0-20171206171820-b33733203bb4/go.mod h1:GS0pCHd7onIsewbw8Ue9qa9pZPv2V88cUZDttK6KzgI=
github.com/fsnotify/fsnotify v1.4.7 h1:IXs+QLmnXW2CcXuY+8Mzv/fWEsPGWxqefPtCP5CnV9I=
github.com/fsnotify/fsnotify v1.4.7/go.mod h1:jwhsz4b93w/PPRr/qN1Yymfu8t87LnFCMoQvtojpjFo=
github.com/gogo/protobuf v1.0.0 h1:2jyBKDKU/8v3v2xVR2PtiWQviFUyiaGk2rpfyFT8rTM=
github.com/gogo/protobuf v1.0.0/go.mod h1:r8qH/GZQm5c6nD/R0oafs1akxWv10x8SbQlK7atdtwQ=
github.com/golang/protobuf v1.2.0 h1:P3YflyNX/ehuJFLhxviNdFxQPkGK5cDcApsge1SqnvM=
github.com/golang/protobuf v1.2.0/go.mod h1:6lQm79b+lXiMfvg/cZm0SGofjICqVBUtrP5yJMmIC1U=
github.com/hpcloud/tail v1.0.0 h1:nfCOvKYfkgYP8hkirhJocXT2+zOD8yUNjXaWfTlyFKI=
github.com/hpcloud/tail v1.0.0/go.mod h1:ab1qPbhIpdTxEkNHXyeSf5vhxWSCs/tWer42PpOxQnU=
github.com/jessevdk/go-flags v1.4.0 h1:4IU2WS7AumrZ/40jfhf4QVDMsQwqA7VEHozFRrGARJA=
github.com/jessevdk/go-flags v1.4.0/go.mod h1:4FA24M0QyGHXBuZZK/XkWh8h0e1EYbRYJSGM75WSRxI=
github.com/mailru/easyjson v0.0.0-20180606163543-3fdea8d05856 h1:hOnidOuIWNsFRPcxxStGeN3NNm4n4+w6KJ9cVJIh70o=
github.com/mailru/easyjson v0.0.0-20180606163543-3fdea8d05856/go.mod h1:C1wdFJiN94OJF2b5HbByQZoLdCWB1Yqtg26g4irojpc=
github.com/onsi/ginkgo v1.6.0/go.mod h1:lLunBs/Ym6LB5Z9jYTR76FiuTmxDTDusOGeTQH+WWjE=
github.com/onsi/ginkgo v1.8.0 h1:VkHVNpR4iVnU8XQR6DBm8BqYjN7CRzw+xKUbVVbbW9w=
github.com/onsi/ginkgo v1.8.0/go.mod h1:lLunBs/Ym6LB5Z9jYTR76FiuTmxDTDusOGeTQH+WWjE=
github.com/onsi/gomega v1.5.0 h1:izbySO9zDPmjJ8rDjLvkA2zJHIo+HkYXHnf7eN7SSyo=
github.com/onsi/gomega v1.5.0/go.mod h1:ex+gbHU/CVuBBDIJjb2X0qEXbFg53c61hWP/1CpauHY=
github.com/opencontainers/runtime-spec v0.0.0-20180909173843-eba862dc2470 h1:dQgS6CgSB2mBQur4Cz7kaEtXNSw56ZlRb7ZsBT70hTA=
github.com/opencontainers/runtime-spec v0.0.0-20180909173843-eba862dc2470/go.mod h1:jwyrGlmzljRJv/Fgzds9SsS/C5hL+LL3ko9hs6T5lQ0=
github.com/poy/eachers v0.0.0-20181020210610-23942921fe77 h1:SNdqPRvRsVmYR0gKqFvrUKhFizPJ6yDiGQ++VAJIoDg=
github.com/poy/eachers v0.0.0-20181020210610-23942921fe77/go.mod h1:x1vqpbcMW9T/KRcQ4b48diSiSVtYgvwQ5xzDByEg4WE=
golang.org/x/net v0.0.0-20180906233101-161cd47e91fd h1:nTDtHvHSdCn1m6ITfMRqtOd/9+7a3s8RBNOZ3eYZzJA=
golang.org/x/net v0.0.0-20180906233101-161cd47e91fd/go.mod h1:mL1N/T3taQHkDXs73rZJwtUhF3w3ftmwwsq0BUmARs4=
golang.org/x/sync v0.0.0-20180314180146-1d60e4601c6f h1:wMNYb4v58l5UBM7MYRLPG6ZhfOqbKu7X5eyFl8ZhKvA=
golang.org/x/sync v0.0.0-20180314180146-1d60e4601c6f/go.mod h1:RxMgew5VJxzue5/jJTE5uejpjVlOe/izrB70Jof72aM=
golang.org/x/sys v0.0.0-20180909124046-d0be0721c37e h1:o3PsSEY8E4eXWkXrIP9YJALUkVZqzHJT5DOasTyn8Vs=
golang.org/x/sys v0.0.0-20180909124046-d0be0721c37e/go.mod h1:STP8DvDyc/dI5b8T5hshtkjS+E42TnysNCUPdjciGhY=
golang.org/x/text v0.3.0 h1:g61tztE5qeGQ89tm6NTjjM9VPIm088od1l6aSorWRWg=
golang.org/x/text v0.3.0/go.mod h1:NqM8EUOU14njkJ3fqMW+pc6Ldnwhi/IjpwHt7yyuwOQ=
gopkg.in/check.v1 v0.0.0-20161208181325-20d25e280405 h1:yhCVgyC4o1eVCa2tZl7eS0r+SDo693bJlVdllGtEeKM=
gopkg.in/check.v1 v0.0.0-20161208181325-20d25e280405/go.mod h1:Co6ibVJAznAaIkqp8huTwlJQCZ016jof/cbN4VW5Yz0=
gopkg.in/fsnotify.v1 v1.4.7 h1:xOHLXZwVvI9hhs+cLKq5+I5onOuwQLhQwiu63xxlHs4=
gopkg.in/fsnotify.v1 v1.4.7/go.mod h1:Tz8NjZHkW78fSQdbUxIjBTcgA1z1m8ZHf0WmKUhAMys=
gopkg.in/tomb.v1 v1.0.0-20141024135613-dd632973f1e7 h1:uRGJdciOHaEIrze2W8Q3AKkepLTh2hOroT7a+7czfdQ=
gopkg.in/tomb.v1 v1.0.0-20141024135613-dd632973f1e7/go.mod h1:dt/ZhP58zS4L8KSrWDmTeBkI65Dw0HsyUHuEVlX15mw=
gopkg.in/yaml.v2 v2.2.1 h1:mUhvW9EsL+naU5Q3cakzfE91YhliOondGd6ZrsDBHQE=
gopkg.in/yaml.v2 v2.2.1/go.mod h1:hI93XBmqTisBFMUTm0b8Fm+jr3Dg1NNxqwp+5A1VGuI=
